
Microsoft Visual Studio Solution File, Format Version 12.00
# Visual Studio Version 17
VisualStudioVersion = 17.11.35208.52
MinimumVisualStudioVersion = 10.0.40219.1
Project("{FAE04EC0-301F-11D3-BF4B-00C04F79EFBC}") = "Network Scanner App - Eng Maged Ali", "Network Scanner App - Eng Maged Ali\Network Scanner App - Eng Maged Ali.csproj", "{5EFC49E8-0D3F-41DA-B9A6-8286AEB7AB78}"
EndProject
Global
	GlobalSection(SolutionConfigurationPlatforms) = preSolution
		Debug|Any CPU = Debug|Any CPU
		Release|Any CPU = Release|Any CPU
	EndGlobalSection
	GlobalSection(ProjectConfigurationPlatforms) = postSolution
		{5EFC49E8-0D3F-41DA-B9A6-8286AEB7AB78}.Debug|Any CPU.ActiveCfg = Debug|Any CPU
		{5EFC49E8-0D3F-41DA-B9A6-8286AEB7AB78}.Debug|Any CPU.Build.0 = Debug|Any CPU
		{5EFC49E8-0D3F-41DA-B9A6-8286AEB7AB78}.Release|Any CPU.ActiveCfg = Release|Any CPU
		{5EFC49E8-0D3F-41DA-B9A6-8286AEB7AB78}.Release|Any CPU.Build.0 = Release|Any CPU
	EndGlobalSection
	GlobalSection(SolutionProperties) = preSolution
		HideSolutionNode = FALSE
	EndGlobalSection
	GlobalSection(ExtensibilityGlobals) = postSolution
		SolutionGuid = {5AE9852E-CF1B-46D1-946D-FD881FF5E4C1}
	EndGlobalSection
EndGlobal
